
Microsoft Visual Studio Solution File, Format Version 12.00
# Visual Studio Version 16
VisualStudioVersion = 16.0.29609.76
MinimumVisualStudioVersion = 10.0.40219.1
Project("{FAE04EC0-301F-11D3-BF4B-00C04F79EFBC}") = "PhoneBook", "PhoneBook\PhoneBook.csproj", "{011FC55B-7AE7-4D82-8161-12C1B7574041}"
EndProject
Project("{FAE04EC0-301F-11D3-BF4B-00C04F79EFBC}") = "PhoneBook.DataAccess", "PhoneBook.DataAccess\PhoneBook.DataAccess.csproj", "{BED64905-B7F0-4555-BBF3-85F48BF2EC58}"
EndProject
Project("{FAE04EC0-301F-11D3-BF4B-00C04F79EFBC}") = "PhoneBook.Contracts", "PhoneBook.Contracts\PhoneBook.Contracts.csproj", "{AE668669-6BC0-4F53-B10E-45B613C6E8FF}"
EndProject
Project("{FAE04EC0-301F-11D3-BF4B-00C04F79EFBC}") = "PhoneBook.BusinessLogic", "PhoneBook.BusinessLogic\PhoneBook.BusinessLogic.csproj", "{863057D8-1A15-4B85-B20A-351FA6D67B42}"
EndProject
Global
	GlobalSection(SolutionConfigurationPlatforms) = preSolution
		Debug|Any CPU = Debug|Any CPU
		Release|Any CPU = Release|Any CPU
	EndGlobalSection
	GlobalSection(ProjectConfigurationPlatforms) = postSolution
		{011FC55B-7AE7-4D82-8161-12C1B7574041}.Debug|Any CPU.ActiveCfg = Debug|Any CPU
		{011FC55B-7AE7-4D82-8161-12C1B7574041}.Debug|Any CPU.Build.0 = Debug|Any CPU
		{011FC55B-7AE7-4D82-8161-12C1B7574041}.Release|Any CPU.ActiveCfg = Release|Any CPU
		{011FC55B-7AE7-4D82-8161-12C1B7574041}.Release|Any CPU.Build.0 = Release|Any CPU
		{BED64905-B7F0-4555-BBF3-85F48BF2EC58}.Debug|Any CPU.ActiveCfg = Debug|Any CPU
		{BED64905-B7F0-4555-BBF3-85F48BF2EC58}.Debug|Any CPU.Build.0 = Debug|Any CPU
		{BED64905-B7F0-4555-BBF3-85F48BF2EC58}.Release|Any CPU.ActiveCfg = Release|Any CPU
		{BED64905-B7F0-4555-BBF3-85F48BF2EC58}.Release|Any CPU.Build.0 = Release|Any CPU
		{AE668669-6BC0-4F53-B10E-45B613C6E8FF}.Debug|Any CPU.ActiveCfg = Debug|Any CPU
		{AE668669-6BC0-4F53-B10E-45B613C6E8FF}.Debug|Any CPU.Build.0 = Debug|Any CPU
		{AE668669-6BC0-4F53-B10E-45B613C6E8FF}.Release|Any CPU.ActiveCfg = Release|Any CPU
		{AE668669-6BC0-4F53-B10E-45B613C6E8FF}.Release|Any CPU.Build.0 = Release|Any CPU
		{863057D8-1A15-4B85-B20A-351FA6D67B42}.Debug|Any CPU.ActiveCfg = Debug|Any CPU
		{863057D8-1A15-4B85-B20A-351FA6D67B42}.Debug|Any CPU.Build.0 = Debug|Any CPU
		{863057D8-1A15-4B85-B20A-351FA6D67B42}.Release|Any CPU.ActiveCfg = Release|Any CPU
		{863057D8-1A15-4B85-B20A-351FA6D67B42}.Release|Any CPU.Build.0 = Release|Any CPU
	EndGlobalSection
	GlobalSection(SolutionProperties) = preSolution
		HideSolutionNode = FALSE
	EndGlobalSection
	GlobalSection(ExtensibilityGlobals) = postSolution
		SolutionGuid = {964DC0BD-7078-412F-9D80-7D7A76D1C9CB}
	EndGlobalSection
EndGlobal
